
Microsoft Visual Studio Solution File, Format Version 12.00
# Visual Studio Version 17
VisualStudioVersion = 17.11.35222.181
MinimumVisualStudioVersion = 10.0.40219.1
Project("{FAE04EC0-301F-11D3-BF4B-00C04F79EFBC}") = "ykuasoft", "ykuasoft.csproj", "{61774D2D-13D0-4B7D-AC2B-6CEA1128C419}"
EndProject
Global
	GlobalSection(SolutionConfigurationPlatforms) = preSolution
		Debug|Any CPU = Debug|Any CPU
		Release|Any CPU = Release|Any CPU
	EndGlobalSection
	GlobalSection(ProjectConfigurationPlatforms) = postSolution
		{61774D2D-13D0-4B7D-AC2B-6CEA1128C419}.Debug|Any CPU.ActiveCfg = Debug|Any CPU
		{61774D2D-13D0-4B7D-AC2B-6CEA1128C419}.Debug|Any CPU.Build.0 = Debug|Any CPU
		{61774D2D-13D0-4B7D-AC2B-6CEA1128C419}.Release|Any CPU.ActiveCfg = Release|Any CPU
		{61774D2D-13D0-4B7D-AC2B-6CEA1128C419}.Release|Any CPU.Build.0 = Release|Any CPU
	EndGlobalSection
	GlobalSection(SolutionProperties) = preSolution
		HideSolutionNode = FALSE
	EndGlobalSection
	GlobalSection(ExtensibilityGlobals) = postSolution
		SolutionGuid = {371DE721-089A-44BF-847A-8EF8DA44C659}
	EndGlobalSection
EndGlobal
